
Microsoft Visual Studio Solution File, Format Version 12.00
# Visual Studio 15
VisualStudioVersion = 15.0.26403.0
MinimumVisualStudioVersion = 10.0.40219.1
Project("{2150E333-8FDC-42A3-9474-1A3956D46DE8}") = "Solution Items", "Solution Items", "{E4EB7191-C18B-4657-845C-C779AF8AFB2F}"
	ProjectSection(SolutionItems) = preProject
		.travis.yml = .travis.yml
		Build.py = Build.py
		Dockerfile = Dockerfile
		README.md = README.md
	EndProjectSection
EndProject
Project("{2150E333-8FDC-42A3-9474-1A3956D46DE8}") = "BuildScripts", "BuildScripts", "{60BD8E13-A8DD-4A6B-A393-AA3BA4727868}"
	ProjectSection(SolutionItems) = preProject
		BuildScripts\BuildUtils.py = BuildScripts\BuildUtils.py
		BuildScripts\CoverageReport.ps1 = BuildScripts\CoverageReport.ps1
		BuildScripts\DeployUtils.py = BuildScripts\DeployUtils.py
		BuildScripts\DevUtils.py = BuildScripts\DevUtils.py
	EndProjectSection
EndProject
Project("{FAE04EC0-301F-11D3-BF4B-00C04F79EFBC}") = "UKSFWebsite.api.tests", "UKSFWebsite.api.tests\UKSFWebsite.api.tests.csproj", "{E3EDD878-B117-42B1-9F31-6E53060A1E79}"
EndProject
Project("{FAE04EC0-301F-11D3-BF4B-00C04F79EFBC}") = "UKSFWebsite.api", "UKSFWebsite.api\UKSFWebsite.api.csproj", "{E89A896F-CA6E-4E2E-835B-0AE7AD1B9284}"
EndProject
Global
	GlobalSection(SolutionConfigurationPlatforms) = preSolution
		Debug|Any CPU = Debug|Any CPU
		Release|Any CPU = Release|Any CPU
	EndGlobalSection
	GlobalSection(ProjectConfigurationPlatforms) = postSolution
		{E3EDD878-B117-42B1-9F31-6E53060A1E79}.Debug|Any CPU.ActiveCfg = Debug|Any CPU
		{E3EDD878-B117-42B1-9F31-6E53060A1E79}.Debug|Any CPU.Build.0 = Debug|Any CPU
		{E3EDD878-B117-42B1-9F31-6E53060A1E79}.Release|Any CPU.ActiveCfg = Release|Any CPU
		{E3EDD878-B117-42B1-9F31-6E53060A1E79}.Release|Any CPU.Build.0 = Release|Any CPU
		{E89A896F-CA6E-4E2E-835B-0AE7AD1B9284}.Debug|Any CPU.ActiveCfg = Debug|Any CPU
		{E89A896F-CA6E-4E2E-835B-0AE7AD1B9284}.Debug|Any CPU.Build.0 = Debug|Any CPU
		{E89A896F-CA6E-4E2E-835B-0AE7AD1B9284}.Release|Any CPU.ActiveCfg = Release|Any CPU
		{E89A896F-CA6E-4E2E-835B-0AE7AD1B9284}.Release|Any CPU.Build.0 = Release|Any CPU
	EndGlobalSection
	GlobalSection(SolutionProperties) = preSolution
		HideSolutionNode = FALSE
	EndGlobalSection
	GlobalSection(NestedProjects) = preSolution
		{60BD8E13-A8DD-4A6B-A393-AA3BA4727868} = {E4EB7191-C18B-4657-845C-C779AF8AFB2F}
	EndGlobalSection
EndGlobal
